// !$*UTF8*$!
{
	archiveVersion = 1;
	classes = {
	};
	objectVersion = 51;
	objects = {

/* Begin PBXBuildFile section */
		15C683D455CFE49203D31C0D /* Pods_NYTNews.framework in Frameworks */ = {isa = PBXBuildFile; fileRef = 8175BE95836F13F2AFFE7061 /* Pods_NYTNews.framework */; };
		DDFF3FB825E9314B00CEC0E1 /* AppDelegate.swift in Sources */ = {isa = PBXBuildFile; fileRef = DDFF3FB725E9314B00CEC0E1 /* AppDelegate.swift */; };
		DDFF3FBA25E9314B00CEC0E1 /* SceneDelegate.swift in Sources */ = {isa = PBXBuildFile; fileRef = DDFF3FB925E9314B00CEC0E1 /* SceneDelegate.swift */; };
		DDFF3FBC25E9314B00CEC0E1 /* NewsListController.swift in Sources */ = {isa = PBXBuildFile; fileRef = DDFF3FBB25E9314B00CEC0E1 /* NewsListController.swift */; };
		DDFF3FC125E9314E00CEC0E1 /* Assets.xcassets in Resources */ = {isa = PBXBuildFile; fileRef = DDFF3FC025E9314E00CEC0E1 /* Assets.xcassets */; };
		DDFF3FC425E9314E00CEC0E1 /* LaunchScreen.storyboard in Resources */ = {isa = PBXBuildFile; fileRef = DDFF3FC225E9314E00CEC0E1 /* LaunchScreen.storyboard */; };
		DDFF3FCF25E9317200CEC0E1 /* NetworkService.swift in Sources */ = {isa = PBXBuildFile; fileRef = DDFF3FCE25E9317200CEC0E1 /* NetworkService.swift */; };
		DDFF3FD425E9343A00CEC0E1 /* NewsData.swift in Sources */ = {isa = PBXBuildFile; fileRef = DDFF3FD325E9343A00CEC0E1 /* NewsData.swift */; };
		DDFF3FE125E9AA6200CEC0E1 /* NewsListCell.swift in Sources */ = {isa = PBXBuildFile; fileRef = DDFF3FE025E9AA6200CEC0E1 /* NewsListCell.swift */; };
		DDFF3FE425E9B09300CEC0E1 /* DetailController.swift in Sources */ = {isa = PBXBuildFile; fileRef = DDFF3FE325E9B09300CEC0E1 /* DetailController.swift */; };
/* End PBXBuildFile section */

/* Begin PBXFileReference section */
		8175BE95836F13F2AFFE7061 /* Pods_NYTNews.framework */ = {isa = PBXFileReference; explicitFileType = wrapper.framework; includeInIndex = 0; path = Pods_NYTNews.framework; sourceTree = BUILT_PRODUCTS_DIR; };
		DBE13C515530168EF9178F2C /* Pods-NYTNews.release.xcconfig */ = {isa = PBXFileReference; includeInIndex = 1; lastKnownFileType = text.xcconfig; name = "Pods-NYTNews.release.xcconfig"; path = "Target Support Files/Pods-NYTNews/Pods-NYTNews.release.xcconfig"; sourceTree = "<group>"; };
		DDFF3FB425E9314B00CEC0E1 /* NYTNews.app */ = {isa = PBXFileReference; explicitFileType = wrapper.application; includeInIndex = 0; path = NYTNews.app; sourceTree = BUILT_PRODUCTS_DIR; };
		DDFF3FB725E9314B00CEC0E1 /* AppDelegate.swift */ = {isa = PBXFileReference; lastKnownFileType = sourcecode.swift; path = AppDelegate.swift; sourceTree = "<group>"; };
		DDFF3FB925E9314B00CEC0E1 /* SceneDelegate.swift */ = {isa = PBXFileReference; lastKnownFileType = sourcecode.swift; path = SceneDelegate.swift; sourceTree = "<group>"; };
		DDFF3FBB25E9314B00CEC0E1 /* NewsListController.swift */ = {isa = PBXFileReference; lastKnownFileType = sourcecode.swift; path = NewsListController.swift; sourceTree = "<group>"; };
		DDFF3FC025E9314E00CEC0E1 /* Assets.xcassets */ = {isa = PBXFileReference; lastKnownFileType = folder.assetcatalog; path = Assets.xcassets; sourceTree = "<group>"; };
		DDFF3FC325E9314E00CEC0E1 /* Base */ = {isa = PBXFileReference; lastKnownFileType = file.storyboard; name = Base; path = Base.lproj/LaunchScreen.storyboard; sourceTree = "<group>"; };
		DDFF3FC525E9314E00CEC0E1 /* Info.plist */ = {isa = PBXFileReference; lastKnownFileType = text.plist.xml; path = Info.plist; sourceTree = "<group>"; };
		DDFF3FCE25E9317200CEC0E1 /* NetworkService.swift */ = {isa = PBXFileReference; lastKnownFileType = sourcecode.swift; path = NetworkService.swift; sourceTree = "<group>"; };
		DDFF3FD325E9343A00CEC0E1 /* NewsData.swift */ = {isa = PBXFileReference; lastKnownFileType = sourcecode.swift; path = NewsData.swift; sourceTree = "<group>"; };
		DDFF3FE025E9AA6200CEC0E1 /* NewsListCell.swift */ = {isa = PBXFileReference; lastKnownFileType = sourcecode.swift; path = NewsListCell.swift; sourceTree = "<group>"; };
		DDFF3FE325E9B09300CEC0E1 /* DetailController.swift */ = {isa = PBXFileReference; lastKnownFileType = sourcecode.swift; path = DetailController.swift; sourceTree = "<group>"; };
		FFD19D2F039E521B4F5BAC53 /* Pods-NYTNews.debug.xcconfig */ = {isa = PBXFileReference; includeInIndex = 1; lastKnownFileType = text.xcconfig; name = "Pods-NYTNews.debug.xcconfig"; path = "Target Support Files/Pods-NYTNews/Pods-NYTNews.debug.xcconfig"; sourceTree = "<group>"; };
/* End PBXFileReference section */

/* Begin PBXFrameworksBuildPhase section */
		DDFF3FB125E9314B00CEC0E1 /* Frameworks */ = {
			isa = PBXFrameworksBuildPhase;
			buildActionMask = 2147483647;
			files = (
				15C683D455CFE49203D31C0D /* Pods_NYTNews.framework in Frameworks */,
			);
			runOnlyForDeploymentPostprocessing = 0;
		};
/* End PBXFrameworksBuildPhase section */

/* Begin PBXGroup section */
		05CC13A6C788B83FDC1143A4 /* Pods */ = {
			isa = PBXGroup;
			children = (
				FFD19D2F039E521B4F5BAC53 /* Pods-NYTNews.debug.xcconfig */,
				DBE13C515530168EF9178F2C /* Pods-NYTNews.release.xcconfig */,
			);
			path = Pods;
			sourceTree = "<group>";
		};
		5A6E5C0A283DAE580A349251 /* Frameworks */ = {
			isa = PBXGroup;
			children = (
				8175BE95836F13F2AFFE7061 /* Pods_NYTNews.framework */,
			);
			name = Frameworks;
			sourceTree = "<group>";
		};
		DDFF3FAB25E9314B00CEC0E1 = {
			isa = PBXGroup;
			children = (
				DDFF3FB625E9314B00CEC0E1 /* NYTNews */,
				DDFF3FB525E9314B00CEC0E1 /* Products */,
				05CC13A6C788B83FDC1143A4 /* Pods */,
				5A6E5C0A283DAE580A349251 /* Frameworks */,
			);
			sourceTree = "<group>";
		};
		DDFF3FB525E9314B00CEC0E1 /* Products */ = {
			isa = PBXGroup;
			children = (
				DDFF3FB425E9314B00CEC0E1 /* NYTNews.app */,
			);
			name = Products;
			sourceTree = "<group>";
		};
		DDFF3FB625E9314B00CEC0E1 /* NYTNews */ = {
			isa = PBXGroup;
			children = (
				DDFF3FB725E9314B00CEC0E1 /* AppDelegate.swift */,
				DDFF3FB925E9314B00CEC0E1 /* SceneDelegate.swift */,
				DDFF3FD725E9346100CEC0E1 /* Model */,
				DDFF3FD125E933D400CEC0E1 /* NetworkService */,
				DDFF3FCC25E9315700CEC0E1 /* Controllers */,
				DDFF3FC025E9314E00CEC0E1 /* Assets.xcassets */,
				DDFF3FC225E9314E00CEC0E1 /* LaunchScreen.storyboard */,
				DDFF3FC525E9314E00CEC0E1 /* Info.plist */,
			);
			path = NYTNews;
			sourceTree = "<group>";
		};
		DDFF3FCC25E9315700CEC0E1 /* Controllers */ = {
			isa = PBXGroup;
			children = (
				DDFF3FBB25E9314B00CEC0E1 /* NewsListController.swift */,
				DDFF3FE025E9AA6200CEC0E1 /* NewsListCell.swift */,
				DDFF3FE325E9B09300CEC0E1 /* DetailController.swift */,
			);
			path = Controllers;
			sourceTree = "<group>";
		};
		DDFF3FD125E933D400CEC0E1 /* NetworkService */ = {
			isa = PBXGroup;
			children = (
				DDFF3FCE25E9317200CEC0E1 /* NetworkService.swift */,
			);
			path = NetworkService;
			sourceTree = "<group>";
		};
		DDFF3FD725E9346100CEC0E1 /* Model */ = {
			isa = PBXGroup;
			children = (
				DDFF3FD325E9343A00CEC0E1 /* NewsData.swift */,
			);
			path = Model;
			sourceTree = "<group>";
		};
/* End PBXGroup section */

/* Begin PBXNativeTarget section */
		DDFF3FB325E9314B00CEC0E1 /* NYTNews */ = {
			isa = PBXNativeTarget;
			buildConfigurationList = DDFF3FC825E9314E00CEC0E1 /* Build configuration list for PBXNativeTarget "NYTNews" */;
			buildPhases = (
				4B8C11CF2D9AE4D994072E55 /* [CP] Check Pods Manifest.lock */,
				DDFF3FB025E9314B00CEC0E1 /* Sources */,
				DDFF3FB125E9314B00CEC0E1 /* Frameworks */,
				DDFF3FB225E9314B00CEC0E1 /* Resources */,
				C1E0D1AEA3C6EA4C5D1AA302 /* [CP] Embed Pods Frameworks */,
			);
			buildRules = (
			);
			dependencies = (
			);
			name = NYTNews;
			productName = NYTNews;
			productReference = DDFF3FB425E9314B00CEC0E1 /* NYTNews.app */;
			productType = "com.apple.product-type.application";
		};
/* End PBXNativeTarget section */

/* Begin PBXProject section */
		DDFF3FAC25E9314B00CEC0E1 /* Project object */ = {
			isa = PBXProject;
			attributes = {
				LastSwiftUpdateCheck = 1210;
				LastUpgradeCheck = 1210;
				TargetAttributes = {
					DDFF3FB325E9314B00CEC0E1 = {
						CreatedOnToolsVersion = 12.1;
					};
				};
			};
			buildConfigurationList = DDFF3FAF25E9314B00CEC0E1 /* Build configuration list for PBXProject "NYTNews" */;
			compatibilityVersion = "Xcode 9.3";
			developmentRegion = en;
			hasScannedForEncodings = 0;
			knownRegions = (
				en,
				Base,
			);
			mainGroup = DDFF3FAB25E9314B00CEC0E1;
			productRefGroup = DDFF3FB525E9314B00CEC0E1 /* Products */;
			projectDirPath = "";
			projectRoot = "";
			targets = (
				DDFF3FB325E9314B00CEC0E1 /* NYTNews */,
			);
		};
/* End PBXProject section */

/* Begin PBXResourcesBuildPhase section */
		DDFF3FB225E9314B00CEC0E1 /* Resources */ = {
			isa = PBXResourcesBuildPhase;
			buildActionMask = 2147483647;
			files = (
				DDFF3FC425E9314E00CEC0E1 /* LaunchScreen.storyboard in Resources */,
				DDFF3FC125E9314E00CEC0E1 /* Assets.xcassets in Resources */,
			);
			runOnlyForDeploymentPostprocessing = 0;
		};
/* End PBXResourcesBuildPhase section */

/* Begin PBXShellScriptBuildPhase section */
		4B8C11CF2D9AE4D994072E55 /* [CP] Check Pods Manifest.lock */ = {
			isa = PBXShellScriptBuildPhase;
			buildActionMask = 2147483647;
			files = (
			);
			inputFileListPaths = (
			);
			inputPaths = (
				"${PODS_PODFILE_DIR_PATH}/Podfile.lock",
				"${PODS_ROOT}/Manifest.lock",
			);
			name = "[CP] Check Pods Manifest.lock";
			outputFileListPaths = (
			);
			outputPaths = (
				"$(DERIVED_FILE_DIR)/Pods-NYTNews-checkManifestLockResult.txt",
			);
			runOnlyForDeploymentPostprocessing = 0;
			shellPath = /bin/sh;
			shellScript = "diff \"${PODS_PODFILE_DIR_PATH}/Podfile.lock\" \"${PODS_ROOT}/Manifest.lock\" > /dev/null\nif [ $? != 0 ] ; then\n    # print error to STDERR\n    echo \"error: The sandbox is not in sync with the Podfile.lock. Run 'pod install' or update your CocoaPods installation.\" >&2\n    exit 1\nfi\n# This output is used by Xcode 'outputs' to avoid re-running this script phase.\necho \"SUCCESS\" > \"${SCRIPT_OUTPUT_FILE_0}\"\n";
			showEnvVarsInLog = 0;
		};
		C1E0D1AEA3C6EA4C5D1AA302 /* [CP] Embed Pods Frameworks */ = {
			isa = PBXShellScriptBuildPhase;
			buildActionMask = 2147483647;
			files = (
			);
			inputFileListPaths = (
				"${PODS_ROOT}/Target Support Files/Pods-NYTNews/Pods-NYTNews-frameworks-${CONFIGURATION}-input-files.xcfilelist",
			);
			name = "[CP] Embed Pods Frameworks";
			outputFileListPaths = (
				"${PODS_ROOT}/Target Support Files/Pods-NYTNews/Pods-NYTNews-frameworks-${CONFIGURATION}-output-files.xcfilelist",
			);
			runOnlyForDeploymentPostprocessing = 0;
			shellPath = /bin/sh;
			shellScript = "\"${PODS_ROOT}/Target Support Files/Pods-NYTNews/Pods-NYTNews-frameworks.sh\"\n";
			showEnvVarsInLog = 0;
		};
/* End PBXShellScriptBuildPhase section */

/* Begin PBXSourcesBuildPhase section */
		DDFF3FB025E9314B00CEC0E1 /* Sources */ = {
			isa = PBXSourcesBuildPhase;
			buildActionMask = 2147483647;
			files = (
				DDFF3FE125E9AA6200CEC0E1 /* NewsListCell.swift in Sources */,
				DDFF3FE425E9B09300CEC0E1 /* DetailController.swift in Sources */,
				DDFF3FBC25E9314B00CEC0E1 /* NewsListController.swift in Sources */,
				DDFF3FB825E9314B00CEC0E1 /* AppDelegate.swift in Sources */,
				DDFF3FCF25E9317200CEC0E1 /* NetworkService.swift in Sources */,
				DDFF3FBA25E9314B00CEC0E1 /* SceneDelegate.swift in Sources */,
				DDFF3FD425E9343A00CEC0E1 /* NewsData.swift in Sources */,
			);
			runOnlyForDeploymentPostprocessing = 0;
		};
/* End PBXSourcesBuildPhase section */

/* Begin PBXVariantGroup section */
		DDFF3FC225E9314E00CEC0E1 /* LaunchScreen.storyboard */ = {
			isa = PBXVariantGroup;
			children = (
				DDFF3FC325E9314E00CEC0E1 /* Base */,
			);
			name = LaunchScreen.storyboard;
			sourceTree = "<group>";
		};
/* End PBXVariantGroup section */

/* Begin XCBuildConfiguration section */
		DDFF3FC625E9314E00CEC0E1 /* Debug */ = {
			isa = XCBuildConfiguration;
			buildSettings = {
				ALWAYS_SEARCH_USER_PATHS = NO;
				CLANG_ANALYZER_NONNULL = YES;
				CLANG_ANALYZER_NUMBER_OBJECT_CONVERSION = YES_AGGRESSIVE;
				CLANG_CXX_LANGUAGE_STANDARD = "gnu++14";
				CLANG_CXX_LIBRARY = "libc++";
				CLANG_ENABLE_MODULES = YES;
				CLANG_ENABLE_OBJC_ARC = YES;
				CLANG_ENABLE_OBJC_WEAK = YES;
				CLANG_WARN_BLOCK_CAPTURE_AUTORELEASING = YES;
				CLANG_WARN_BOOL_CONVERSION = YES;
				CLANG_WARN_COMMA = YES;
				CLANG_WARN_CONSTANT_CONVERSION = YES;
				CLANG_WARN_DEPRECATED_OBJC_IMPLEMENTATIONS = YES;
				CLANG_WARN_DIRECT_OBJC_ISA_USAGE = YES_ERROR;
				CLANG_WARN_DOCUMENTATION_COMMENTS = YES;
				CLANG_WARN_EMPTY_BODY = YES;
				CLANG_WARN_ENUM_CONVERSION = YES;
				CLANG_WARN_INFINITE_RECURSION = YES;
				CLANG_WARN_INT_CONVERSION = YES;
				CLANG_WARN_NON_LITERAL_NULL_CONVERSION = YES;
				CLANG_WARN_OBJC_IMPLICIT_RETAIN_SELF = YES;
				CLANG_WARN_OBJC_LITERAL_CONVERSION = YES;
				CLANG_WARN_OBJC_ROOT_CLASS = YES_ERROR;
				CLANG_WARN_QUOTED_INCLUDE_IN_FRAMEWORK_HEADER = YES;
				CLANG_WARN_RANGE_LOOP_ANALYSIS = YES;
				CLANG_WARN_STRICT_PROTOTYPES = YES;
				CLANG_WARN_SUSPICIOUS_MOVE = YES;
				CLANG_WARN_UNGUARDED_AVAILABILITY = YES_AGGRESSIVE;
				CLANG_WARN_UNREACHABLE_CODE = YES;
				CLANG_WARN__DUPLICATE_METHOD_MATCH = YES;
				COPY_PHASE_STRIP = NO;
				DEBUG_INFORMATION_FORMAT = dwarf;
				ENABLE_STRICT_OBJC_MSGSEND = YES;
				ENABLE_TESTABILITY = YES;
				GCC_C_LANGUAGE_STANDARD = gnu11;
				GCC_DYNAMIC_NO_PIC = NO;
				GCC_NO_COMMON_BLOCKS = YES;
				GCC_OPTIMIZATION_LEVEL = 0;
				GCC_PREPROCESSOR_DEFINITIONS = (
					"DEBUG=1",
					"$(inherited)",
				);
				GCC_WARN_64_TO_32_BIT_CONVERSION = YES;
				GCC_WARN_ABOUT_RETURN_TYPE = YES_ERROR;
				GCC_WARN_UNDECLARED_SELECTOR = YES;
				GCC_WARN_UNINITIALIZED_AUTOS = YES_AGGRESSIVE;
				GCC_WARN_UNUSED_FUNCTION = YES;
				GCC_WARN_UNUSED_VARIABLE = YES;
				IPHONEOS_DEPLOYMENT_TARGET = 14.1;
				MTL_ENABLE_DEBUG_INFO = INCLUDE_SOURCE;
				MTL_FAST_MATH = YES;
				ONLY_ACTIVE_ARCH = YES;
				SDKROOT = iphoneos;
				SWIFT_ACTIVE_COMPILATION_CONDITIONS = DEBUG;
				SWIFT_OPTIMIZATION_LEVEL = "-Onone";
			};
			name = Debug;
		};
		DDFF3FC725E9314E00CEC0E1 /* Release */ = {
			isa = XCBuildConfiguration;
			buildSettings = {
				ALWAYS_SEARCH_USER_PATHS = NO;
				CLANG_ANALYZER_NONNULL = YES;
				CLANG_ANALYZER_NUMBER_OBJECT_CONVERSION = YES_AGGRESSIVE;
				CLANG_CXX_LANGUAGE_STANDARD = "gnu++14";
				CLANG_CXX_LIBRARY = "libc++";
				CLANG_ENABLE_MODULES = YES;
				CLANG_ENABLE_OBJC_ARC = YES;
				CLANG_ENABLE_OBJC_WEAK = YES;
				CLANG_WARN_BLOCK_CAPTURE_AUTORELEASING = YES;
				CLANG_WARN_BOOL_CONVERSION = YES;
				CLANG_WARN_COMMA = YES;
				CLANG_WARN_CONSTANT_CONVERSION = YES;
				CLANG_WARN_DEPRECATED_OBJC_IMPLEMENTATIONS = YES;
				CLANG_WARN_DIRECT_OBJC_ISA_USAGE = YES_ERROR;
				CLANG_WARN_DOCUMENTATION_COMMENTS = YES;
				CLANG_WARN_EMPTY_BODY = YES;
				CLANG_WARN_ENUM_CONVERSION = YES;
				CLANG_WARN_INFINITE_RECURSION = YES;
				CLANG_WARN_INT_CONVERSION = YES;
				CLANG_WARN_NON_LITERAL_NULL_CONVERSION = YES;
				CLANG_WARN_OBJC_IMPLICIT_RETAIN_SELF = YES;
				CLANG_WARN_OBJC_LITERAL_CONVERSION = YES;
				CLANG_WARN_OBJC_ROOT_CLASS = YES_ERROR;
				CLANG_WARN_QUOTED_INCLUDE_IN_FRAMEWORK_HEADER = YES;
				CLANG_WARN_RANGE_LOOP_ANALYSIS = YES;
				CLANG_WARN_STRICT_PROTOTYPES = YES;
				CLANG_WARN_SUSPICIOUS_MOVE = YES;
				CLANG_WARN_UNGUARDED_AVAILABILITY = YES_AGGRESSIVE;
				CLANG_WARN_UNREACHABLE_CODE = YES;
				CLANG_WARN__DUPLICATE_METHOD_MATCH = YES;
				COPY_PHASE_STRIP = NO;
				DEBUG_INFORMATION_FORMAT = "dwarf-with-dsym";
				ENABLE_NS_ASSERTIONS = NO;
				ENABLE_STRICT_OBJC_MSGSEND = YES;
				GCC_C_LANGUAGE_STANDARD = gnu11;
				GCC_NO_COMMON_BLOCKS = YES;
				GCC_WARN_64_TO_32_BIT_CONVERSION = YES;
				GCC_WARN_ABOUT_RETURN_TYPE = YES_ERROR;
				GCC_WARN_UNDECLARED_SELECTOR = YES;
				GCC_WARN_UNINITIALIZED_AUTOS = YES_AGGRESSIVE;
				GCC_WARN_UNUSED_FUNCTION = YES;
				GCC_WARN_UNUSED_VARIABLE = YES;
				IPHONEOS_DEPLOYMENT_TARGET = 14.1;
				MTL_ENABLE_DEBUG_INFO = NO;
				MTL_FAST_MATH = YES;
				SDKROOT = iphoneos;
				SWIFT_COMPILATION_MODE = wholemodule;
				SWIFT_OPTIMIZATION_LEVEL = "-O";
				VALIDATE_PRODUCT = YES;
			};
			name = Release;
		};
		DDFF3FC925E9314E00CEC0E1 /* Debug */ = {
			isa = XCBuildConfiguration;
			baseConfigurationReference = FFD19D2F039E521B4F5BAC53 /* Pods-NYTNews.debug.xcconfig */;
			buildSettings = {
				ASSETCATALOG_COMPILER_APPICON_NAME = AppIcon;
				ASSETCATALOG_COMPILER_GLOBAL_ACCENT_COLOR_NAME = AccentColor;
				CODE_SIGN_STYLE = Automatic;
				DEVELOPMENT_TEAM = PR437U27Q7;
				INFOPLIST_FILE = NYTNews/Info.plist;
				LD_RUNPATH_SEARCH_PATHS = (
					"$(inherited)",
					"@executable_path/Frameworks",
				);
				PRODUCT_BUNDLE_IDENTIFIER = Vladimir.NYTNews;
				PRODUCT_NAME = "$(TARGET_NAME)";
				SWIFT_VERSION = 5.0;
				TARGETED_DEVICE_FAMILY = "1,2";
			};
			name = Debug;
		};
		DDFF3FCA25E9314E00CEC0E1 /* Release */ = {
			isa = XCBuildConfiguration;
			baseConfigurationReference = DBE13C515530168EF9178F2C /* Pods-NYTNews.release.xcconfig */;
			buildSettings = {
				ASSETCATALOG_COMPILER_APPICON_NAME = AppIcon;
				ASSETCATALOG_COMPILER_GLOBAL_ACCENT_COLOR_NAME = AccentColor;
				CODE_SIGN_STYLE = Automatic;
				DEVELOPMENT_TEAM = PR437U27Q7;
				INFOPLIST_FILE = NYTNews/Info.plist;
				LD_RUNPATH_SEARCH_PATHS = (
					"$(inherited)",
					"@executable_path/Frameworks",
				);
				PRODUCT_BUNDLE_IDENTIFIER = Vladimir.NYTNews;
				PRODUCT_NAME = "$(TARGET_NAME)";
				SWIFT_VERSION = 5.0;
				TARGETED_DEVICE_FAMILY = "1,2";
			};
			name = Release;
		};
/* End XCBuildConfiguration section */

/* Begin XCConfigurationList section */
		DDFF3FAF25E9314B00CEC0E1 /* Build configuration list for PBXProject "NYTNews" */ = {
			isa = XCConfigurationList;
			buildConfigurations = (
				DDFF3FC625E9314E00CEC0E1 /* Debug */,
				DDFF3FC725E9314E00CEC0E1 /* Release */,
			);
			defaultConfigurationIsVisible = 0;
			defaultConfigurationName = Release;
		};
		DDFF3FC825E9314E00CEC0E1 /* Build configuration list for PBXNativeTarget "NYTNews" */ = {
			isa = XCConfigurationList;
			buildConfigurations = (
				DDFF3FC925E9314E00CEC0E1 /* Debug */,
				DDFF3FCA25E9314E00CEC0E1 /* Release */,
			);
			defaultConfigurationIsVisible = 0;
			defaultConfigurationName = Release;
		};
/* End XCConfigurationList section */
	};
	rootObject = DDFF3FAC25E9314B00CEC0E1 /* Project object */;
}
